// !$*UTF8*$!
{
	archiveVersion = 1;
	classes = {
	};
	objectVersion = 50;
	objects = {

/* Begin PBXBuildFile section */
		199DAC48D6C70A8D695AE223 /* Pods_Jog_Tracker.framework in Frameworks */ = {isa = PBXBuildFile; fileRef = EF13138497012CCFE7EA199A /* Pods_Jog_Tracker.framework */; };
		9E3D824A22CF915600E4ACC0 /* AuthService.swift in Sources */ = {isa = PBXBuildFile; fileRef = 9E3D824922CF915600E4ACC0 /* AuthService.swift */; };
		9E3D824D22CF9CEB00E4ACC0 /* LoginViewController.swift in Sources */ = {isa = PBXBuildFile; fileRef = 9E3D824C22CF9CEB00E4ACC0 /* LoginViewController.swift */; };
		9E3D824F22CFA0B200E4ACC0 /* JogTracker.swift in Sources */ = {isa = PBXBuildFile; fileRef = 9E3D824E22CFA0B200E4ACC0 /* JogTracker.swift */; };
		9E3D825222CFA13B00E4ACC0 /* Jog.swift in Sources */ = {isa = PBXBuildFile; fileRef = 9E3D825122CFA13B00E4ACC0 /* Jog.swift */; };
		9E3D825422CFA5A000E4ACC0 /* JogCell.swift in Sources */ = {isa = PBXBuildFile; fileRef = 9E3D825322CFA5A000E4ACC0 /* JogCell.swift */; };
		9E3D825622CFB02900E4ACC0 /* JogService.swift in Sources */ = {isa = PBXBuildFile; fileRef = 9E3D825522CFB02900E4ACC0 /* JogService.swift */; };
		9E3D827F22D1009200E4ACC0 /* JogEditorViewController.xib in Resources */ = {isa = PBXBuildFile; fileRef = 9E3D827E22D1009200E4ACC0 /* JogEditorViewController.xib */; };
		9E3D828122D101AA00E4ACC0 /* JogEditorViewController.swift in Sources */ = {isa = PBXBuildFile; fileRef = 9E3D828022D101AA00E4ACC0 /* JogEditorViewController.swift */; };
		9E3D829922D37DCB00E4ACC0 /* NotificationName.swift in Sources */ = {isa = PBXBuildFile; fileRef = 9E3D829822D37DCA00E4ACC0 /* NotificationName.swift */; };
		9E99AD4722CF791A00F987EC /* AppDelegate.swift in Sources */ = {isa = PBXBuildFile; fileRef = 9E99AD4622CF791A00F987EC /* AppDelegate.swift */; };
		9E99AD4922CF791A00F987EC /* JogTrackerViewController.swift in Sources */ = {isa = PBXBuildFile; fileRef = 9E99AD4822CF791A00F987EC /* JogTrackerViewController.swift */; };
		9E99AD4C22CF791A00F987EC /* Main.storyboard in Resources */ = {isa = PBXBuildFile; fileRef = 9E99AD4A22CF791A00F987EC /* Main.storyboard */; };
		9E99AD4E22CF791E00F987EC /* Assets.xcassets in Resources */ = {isa = PBXBuildFile; fileRef = 9E99AD4D22CF791E00F987EC /* Assets.xcassets */; };
		9E99AD5122CF791E00F987EC /* LaunchScreen.storyboard in Resources */ = {isa = PBXBuildFile; fileRef = 9E99AD4F22CF791E00F987EC /* LaunchScreen.storyboard */; };
		9E99AD5C22CF8CFA00F987EC /* LetMeInButton.swift in Sources */ = {isa = PBXBuildFile; fileRef = 9E99AD5B22CF8CFA00F987EC /* LetMeInButton.swift */; };
/* End PBXBuildFile section */

/* Begin PBXFileReference section */
		232EDA60A2F3E5782E942C7A /* Pods-Jog Tracker.release.xcconfig */ = {isa = PBXFileReference; includeInIndex = 1; lastKnownFileType = text.xcconfig; name = "Pods-Jog Tracker.release.xcconfig"; path = "Pods/Target Support Files/Pods-Jog Tracker/Pods-Jog Tracker.release.xcconfig"; sourceTree = "<group>"; };
		609DCFC18D0B2BEA41D31418 /* Pods-Jog Tracker.debug.xcconfig */ = {isa = PBXFileReference; includeInIndex = 1; lastKnownFileType = text.xcconfig; name = "Pods-Jog Tracker.debug.xcconfig"; path = "Pods/Target Support Files/Pods-Jog Tracker/Pods-Jog Tracker.debug.xcconfig"; sourceTree = "<group>"; };
		9E3D824922CF915600E4ACC0 /* AuthService.swift */ = {isa = PBXFileReference; lastKnownFileType = sourcecode.swift; path = AuthService.swift; sourceTree = "<group>"; };
		9E3D824C22CF9CEB00E4ACC0 /* LoginViewController.swift */ = {isa = PBXFileReference; lastKnownFileType = sourcecode.swift; path = LoginViewController.swift; sourceTree = "<group>"; };
		9E3D824E22CFA0B200E4ACC0 /* JogTracker.swift */ = {isa = PBXFileReference; lastKnownFileType = sourcecode.swift; path = JogTracker.swift; sourceTree = "<group>"; };
		9E3D825122CFA13B00E4ACC0 /* Jog.swift */ = {isa = PBXFileReference; lastKnownFileType = sourcecode.swift; path = Jog.swift; sourceTree = "<group>"; };
		9E3D825322CFA5A000E4ACC0 /* JogCell.swift */ = {isa = PBXFileReference; lastKnownFileType = sourcecode.swift; path = JogCell.swift; sourceTree = "<group>"; };
		9E3D825522CFB02900E4ACC0 /* JogService.swift */ = {isa = PBXFileReference; lastKnownFileType = sourcecode.swift; path = JogService.swift; sourceTree = "<group>"; };
		9E3D827E22D1009200E4ACC0 /* JogEditorViewController.xib */ = {isa = PBXFileReference; lastKnownFileType = file.xib; path = JogEditorViewController.xib; sourceTree = "<group>"; };
		9E3D828022D101AA00E4ACC0 /* JogEditorViewController.swift */ = {isa = PBXFileReference; lastKnownFileType = sourcecode.swift; path = JogEditorViewController.swift; sourceTree = "<group>"; };
		9E3D829822D37DCA00E4ACC0 /* NotificationName.swift */ = {isa = PBXFileReference; lastKnownFileType = sourcecode.swift; path = NotificationName.swift; sourceTree = "<group>"; };
		9E99AD4322CF791A00F987EC /* Jog Tracker.app */ = {isa = PBXFileReference; explicitFileType = wrapper.application; includeInIndex = 0; path = "Jog Tracker.app"; sourceTree = BUILT_PRODUCTS_DIR; };
		9E99AD4622CF791A00F987EC /* AppDelegate.swift */ = {isa = PBXFileReference; lastKnownFileType = sourcecode.swift; path = AppDelegate.swift; sourceTree = "<group>"; };
		9E99AD4822CF791A00F987EC /* JogTrackerViewController.swift */ = {isa = PBXFileReference; lastKnownFileType = sourcecode.swift; path = JogTrackerViewController.swift; sourceTree = "<group>"; };
		9E99AD4B22CF791A00F987EC /* Base */ = {isa = PBXFileReference; lastKnownFileType = file.storyboard; name = Base; path = Base.lproj/Main.storyboard; sourceTree = "<group>"; };
		9E99AD4D22CF791E00F987EC /* Assets.xcassets */ = {isa = PBXFileReference; lastKnownFileType = folder.assetcatalog; path = Assets.xcassets; sourceTree = "<group>"; };
		9E99AD5022CF791E00F987EC /* Base */ = {isa = PBXFileReference; lastKnownFileType = file.storyboard; name = Base; path = Base.lproj/LaunchScreen.storyboard; sourceTree = "<group>"; };
		9E99AD5222CF791E00F987EC /* Info.plist */ = {isa = PBXFileReference; lastKnownFileType = text.plist.xml; path = Info.plist; sourceTree = "<group>"; };
		9E99AD5B22CF8CFA00F987EC /* LetMeInButton.swift */ = {isa = PBXFileReference; lastKnownFileType = sourcecode.swift; path = LetMeInButton.swift; sourceTree = "<group>"; };
		EF13138497012CCFE7EA199A /* Pods_Jog_Tracker.framework */ = {isa = PBXFileReference; explicitFileType = wrapper.framework; includeInIndex = 0; path = Pods_Jog_Tracker.framework; sourceTree = BUILT_PRODUCTS_DIR; };
/* End PBXFileReference section */

/* Begin PBXFrameworksBuildPhase section */
		9E99AD4022CF791A00F987EC /* Frameworks */ = {
			isa = PBXFrameworksBuildPhase;
			buildActionMask = 2147483647;
			files = (
				199DAC48D6C70A8D695AE223 /* Pods_Jog_Tracker.framework in Frameworks */,
			);
			runOnlyForDeploymentPostprocessing = 0;
		};
/* End PBXFrameworksBuildPhase section */

/* Begin PBXGroup section */
		64BD9617D27293A747D1A588 /* Frameworks */ = {
			isa = PBXGroup;
			children = (
				EF13138497012CCFE7EA199A /* Pods_Jog_Tracker.framework */,
			);
			name = Frameworks;
			sourceTree = "<group>";
		};
		80DD1A66CE4202C0D5DD3EC3 /* Pods */ = {
			isa = PBXGroup;
			children = (
				609DCFC18D0B2BEA41D31418 /* Pods-Jog Tracker.debug.xcconfig */,
				232EDA60A2F3E5782E942C7A /* Pods-Jog Tracker.release.xcconfig */,
			);
			name = Pods;
			sourceTree = "<group>";
		};
		9E3D824B22CF915A00E4ACC0 /* Services */ = {
			isa = PBXGroup;
			children = (
				9E3D824922CF915600E4ACC0 /* AuthService.swift */,
				9E3D825522CFB02900E4ACC0 /* JogService.swift */,
			);
			path = Services;
			sourceTree = "<group>";
		};
		9E3D825022CFA0C100E4ACC0 /* Model */ = {
			isa = PBXGroup;
			children = (
				9E3D824E22CFA0B200E4ACC0 /* JogTracker.swift */,
				9E3D825122CFA13B00E4ACC0 /* Jog.swift */,
			);
			path = Model;
			sourceTree = "<group>";
		};
		9E3D827722D0C83E00E4ACC0 /* XIBs */ = {
			isa = PBXGroup;
			children = (
				9E3D827E22D1009200E4ACC0 /* JogEditorViewController.xib */,
			);
			path = XIBs;
			sourceTree = "<group>";
		};
		9E3D829722D37DA700E4ACC0 /* Extensions */ = {
			isa = PBXGroup;
			children = (
				9E3D829822D37DCA00E4ACC0 /* NotificationName.swift */,
			);
			path = Extensions;
			sourceTree = "<group>";
		};
		9E99AD3A22CF791A00F987EC = {
			isa = PBXGroup;
			children = (
				9E99AD4522CF791A00F987EC /* Jog Tracker */,
				9E99AD4422CF791A00F987EC /* Products */,
				80DD1A66CE4202C0D5DD3EC3 /* Pods */,
				64BD9617D27293A747D1A588 /* Frameworks */,
			);
			sourceTree = "<group>";
		};
		9E99AD4422CF791A00F987EC /* Products */ = {
			isa = PBXGroup;
			children = (
				9E99AD4322CF791A00F987EC /* Jog Tracker.app */,
			);
			name = Products;
			sourceTree = "<group>";
		};
		9E99AD4522CF791A00F987EC /* Jog Tracker */ = {
			isa = PBXGroup;
			children = (
				9E3D829722D37DA700E4ACC0 /* Extensions */,
				9E99AD4622CF791A00F987EC /* AppDelegate.swift */,
				9E3D827722D0C83E00E4ACC0 /* XIBs */,
				9E99AD4822CF791A00F987EC /* JogTrackerViewController.swift */,
				9E3D828022D101AA00E4ACC0 /* JogEditorViewController.swift */,
				9E3D824C22CF9CEB00E4ACC0 /* LoginViewController.swift */,
				9E3D825022CFA0C100E4ACC0 /* Model */,
				9E3D824B22CF915A00E4ACC0 /* Services */,
				9E99AD5A22CF7CC200F987EC /* View */,
				9E99AD4A22CF791A00F987EC /* Main.storyboard */,
				9E99AD4D22CF791E00F987EC /* Assets.xcassets */,
				9E99AD4F22CF791E00F987EC /* LaunchScreen.storyboard */,
				9E99AD5222CF791E00F987EC /* Info.plist */,
			);
			path = "Jog Tracker";
			sourceTree = "<group>";
		};
		9E99AD5A22CF7CC200F987EC /* View */ = {
			isa = PBXGroup;
			children = (
				9E99AD5B22CF8CFA00F987EC /* LetMeInButton.swift */,
				9E3D825322CFA5A000E4ACC0 /* JogCell.swift */,
			);
			path = View;
			sourceTree = "<group>";
		};
/* End PBXGroup section */

/* Begin PBXNativeTarget section */
		9E99AD4222CF791A00F987EC /* Jog Tracker */ = {
			isa = PBXNativeTarget;
			buildConfigurationList = 9E99AD5522CF791E00F987EC /* Build configuration list for PBXNativeTarget "Jog Tracker" */;
			buildPhases = (
				7F4A7D7E6C50AC0028E356D8 /* [CP] Check Pods Manifest.lock */,
				9E99AD3F22CF791A00F987EC /* Sources */,
				9E99AD4022CF791A00F987EC /* Frameworks */,
				9E99AD4122CF791A00F987EC /* Resources */,
				AA633446906B30F3E45B2145 /* [CP] Embed Pods Frameworks */,
			);
			buildRules = (
			);
			dependencies = (
			);
			name = "Jog Tracker";
			productName = "Jog Tracker";
			productReference = 9E99AD4322CF791A00F987EC /* Jog Tracker.app */;
			productType = "com.apple.product-type.application";
		};
/* End PBXNativeTarget section */

/* Begin PBXProject section */
		9E99AD3B22CF791A00F987EC /* Project object */ = {
			isa = PBXProject;
			attributes = {
				LastSwiftUpdateCheck = 1020;
				LastUpgradeCheck = 1020;
				ORGANIZATIONNAME = "Дмитрий Болоников";
				TargetAttributes = {
					9E99AD4222CF791A00F987EC = {
						CreatedOnToolsVersion = 10.2.1;
					};
				};
			};
			buildConfigurationList = 9E99AD3E22CF791A00F987EC /* Build configuration list for PBXProject "Jog Tracker" */;
			compatibilityVersion = "Xcode 9.3";
			developmentRegion = en;
			hasScannedForEncodings = 0;
			knownRegions = (
				en,
				Base,
			);
			mainGroup = 9E99AD3A22CF791A00F987EC;
			productRefGroup = 9E99AD4422CF791A00F987EC /* Products */;
			projectDirPath = "";
			projectRoot = "";
			targets = (
				9E99AD4222CF791A00F987EC /* Jog Tracker */,
			);
		};
/* End PBXProject section */

/* Begin PBXResourcesBuildPhase section */
		9E99AD4122CF791A00F987EC /* Resources */ = {
			isa = PBXResourcesBuildPhase;
			buildActionMask = 2147483647;
			files = (
				9E99AD5122CF791E00F987EC /* LaunchScreen.storyboard in Resources */,
				9E3D827F22D1009200E4ACC0 /* JogEditorViewController.xib in Resources */,
				9E99AD4E22CF791E00F987EC /* Assets.xcassets in Resources */,
				9E99AD4C22CF791A00F987EC /* Main.storyboard in Resources */,
			);
			runOnlyForDeploymentPostprocessing = 0;
		};
/* End PBXResourcesBuildPhase section */

/* Begin PBXShellScriptBuildPhase section */
		7F4A7D7E6C50AC0028E356D8 /* [CP] Check Pods Manifest.lock */ = {
			isa = PBXShellScriptBuildPhase;
			buildActionMask = 2147483647;
			files = (
			);
			inputPaths = (
				"${PODS_PODFILE_DIR_PATH}/Podfile.lock",
				"${PODS_ROOT}/Manifest.lock",
			);
			name = "[CP] Check Pods Manifest.lock";
			outputPaths = (
				"$(DERIVED_FILE_DIR)/Pods-Jog Tracker-checkManifestLockResult.txt",
			);
			runOnlyForDeploymentPostprocessing = 0;
			shellPath = /bin/sh;
			shellScript = "diff \"${PODS_PODFILE_DIR_PATH}/Podfile.lock\" \"${PODS_ROOT}/Manifest.lock\" > /dev/null\nif [ $? != 0 ] ; then\n    # print error to STDERR\n    echo \"error: The sandbox is not in sync with the Podfile.lock. Run 'pod install' or update your CocoaPods installation.\" >&2\n    exit 1\nfi\n# This output is used by Xcode 'outputs' to avoid re-running this script phase.\necho \"SUCCESS\" > \"${SCRIPT_OUTPUT_FILE_0}\"\n";
			showEnvVarsInLog = 0;
		};
		AA633446906B30F3E45B2145 /* [CP] Embed Pods Frameworks */ = {
			isa = PBXShellScriptBuildPhase;
			buildActionMask = 2147483647;
			files = (
			);
			inputPaths = (
				"${SRCROOT}/Pods/Target Support Files/Pods-Jog Tracker/Pods-Jog Tracker-frameworks.sh",
				"${BUILT_PRODUCTS_DIR}/Alamofire/Alamofire.framework",
				"${BUILT_PRODUCTS_DIR}/SwiftyJSON/SwiftyJSON.framework",
			);
			name = "[CP] Embed Pods Frameworks";
			outputPaths = (
				"${TARGET_BUILD_DIR}/${FRAMEWORKS_FOLDER_PATH}/Alamofire.framework",
				"${TARGET_BUILD_DIR}/${FRAMEWORKS_FOLDER_PATH}/SwiftyJSON.framework",
			);
			runOnlyForDeploymentPostprocessing = 0;
			shellPath = /bin/sh;
			shellScript = "\"${SRCROOT}/Pods/Target Support Files/Pods-Jog Tracker/Pods-Jog Tracker-frameworks.sh\"\n";
			showEnvVarsInLog = 0;
		};
/* End PBXShellScriptBuildPhase section */

/* Begin PBXSourcesBuildPhase section */
		9E99AD3F22CF791A00F987EC /* Sources */ = {
			isa = PBXSourcesBuildPhase;
			buildActionMask = 2147483647;
			files = (
				9E3D825622CFB02900E4ACC0 /* JogService.swift in Sources */,
				9E3D829922D37DCB00E4ACC0 /* NotificationName.swift in Sources */,
				9E3D825422CFA5A000E4ACC0 /* JogCell.swift in Sources */,
				9E99AD5C22CF8CFA00F987EC /* LetMeInButton.swift in Sources */,
				9E3D824F22CFA0B200E4ACC0 /* JogTracker.swift in Sources */,
				9E3D825222CFA13B00E4ACC0 /* Jog.swift in Sources */,
				9E3D828122D101AA00E4ACC0 /* JogEditorViewController.swift in Sources */,
				9E99AD4922CF791A00F987EC /* JogTrackerViewController.swift in Sources */,
				9E99AD4722CF791A00F987EC /* AppDelegate.swift in Sources */,
				9E3D824D22CF9CEB00E4ACC0 /* LoginViewController.swift in Sources */,
				9E3D824A22CF915600E4ACC0 /* AuthService.swift in Sources */,
			);
			runOnlyForDeploymentPostprocessing = 0;
		};
/* End PBXSourcesBuildPhase section */

/* Begin PBXVariantGroup section */
		9E99AD4A22CF791A00F987EC /* Main.storyboard */ = {
			isa = PBXVariantGroup;
			children = (
				9E99AD4B22CF791A00F987EC /* Base */,
			);
			name = Main.storyboard;
			sourceTree = "<group>";
		};
		9E99AD4F22CF791E00F987EC /* LaunchScreen.storyboard */ = {
			isa = PBXVariantGroup;
			children = (
				9E99AD5022CF791E00F987EC /* Base */,
			);
			name = LaunchScreen.storyboard;
			sourceTree = "<group>";
		};
/* End PBXVariantGroup section */

/* Begin XCBuildConfiguration section */
		9E99AD5322CF791E00F987EC /* Debug */ = {
			isa = XCBuildConfiguration;
			buildSettings = {
				ALWAYS_SEARCH_USER_PATHS = NO;
				CLANG_ANALYZER_NONNULL = YES;
				CLANG_ANALYZER_NUMBER_OBJECT_CONVERSION = YES_AGGRESSIVE;
				CLANG_CXX_LANGUAGE_STANDARD = "gnu++14";
				CLANG_CXX_LIBRARY = "libc++";
				CLANG_ENABLE_MODULES = YES;
				CLANG_ENABLE_OBJC_ARC = YES;
				CLANG_ENABLE_OBJC_WEAK = YES;
				CLANG_WARN_BLOCK_CAPTURE_AUTORELEASING = YES;
				CLANG_WARN_BOOL_CONVERSION = YES;
				CLANG_WARN_COMMA = YES;
				CLANG_WARN_CONSTANT_CONVERSION = YES;
				CLANG_WARN_DEPRECATED_OBJC_IMPLEMENTATIONS = YES;
				CLANG_WARN_DIRECT_OBJC_ISA_USAGE = YES_ERROR;
				CLANG_WARN_DOCUMENTATION_COMMENTS = YES;
				CLANG_WARN_EMPTY_BODY = YES;
				CLANG_WARN_ENUM_CONVERSION = YES;
				CLANG_WARN_INFINITE_RECURSION = YES;
				CLANG_WARN_INT_CONVERSION = YES;
				CLANG_WARN_NON_LITERAL_NULL_CONVERSION = YES;
				CLANG_WARN_OBJC_IMPLICIT_RETAIN_SELF = YES;
				CLANG_WARN_OBJC_LITERAL_CONVERSION = YES;
				CLANG_WARN_OBJC_ROOT_CLASS = YES_ERROR;
				CLANG_WARN_RANGE_LOOP_ANALYSIS = YES;
				CLANG_WARN_STRICT_PROTOTYPES = YES;
				CLANG_WARN_SUSPICIOUS_MOVE = YES;
				CLANG_WARN_UNGUARDED_AVAILABILITY = YES_AGGRESSIVE;
				CLANG_WARN_UNREACHABLE_CODE = YES;
				CLANG_WARN__DUPLICATE_METHOD_MATCH = YES;
				CODE_SIGN_IDENTITY = "iPhone Developer";
				COPY_PHASE_STRIP = NO;
				DEBUG_INFORMATION_FORMAT = dwarf;
				ENABLE_STRICT_OBJC_MSGSEND = YES;
				ENABLE_TESTABILITY = YES;
				GCC_C_LANGUAGE_STANDARD = gnu11;
				GCC_DYNAMIC_NO_PIC = NO;
				GCC_NO_COMMON_BLOCKS = YES;
				GCC_OPTIMIZATION_LEVEL = 0;
				GCC_PREPROCESSOR_DEFINITIONS = (
					"DEBUG=1",
					"$(inherited)",
				);
				GCC_WARN_64_TO_32_BIT_CONVERSION = YES;
				GCC_WARN_ABOUT_RETURN_TYPE = YES_ERROR;
				GCC_WARN_UNDECLARED_SELECTOR = YES;
				GCC_WARN_UNINITIALIZED_AUTOS = YES_AGGRESSIVE;
				GCC_WARN_UNUSED_FUNCTION = YES;
				GCC_WARN_UNUSED_VARIABLE = YES;
				IPHONEOS_DEPLOYMENT_TARGET = 12.2;
				MTL_ENABLE_DEBUG_INFO = INCLUDE_SOURCE;
				MTL_FAST_MATH = YES;
				ONLY_ACTIVE_ARCH = YES;
				SDKROOT = iphoneos;
				SWIFT_ACTIVE_COMPILATION_CONDITIONS = DEBUG;
				SWIFT_OPTIMIZATION_LEVEL = "-Onone";
			};
			name = Debug;
		};
		9E99AD5422CF791E00F987EC /* Release */ = {
			isa = XCBuildConfiguration;
			buildSettings = {
				ALWAYS_SEARCH_USER_PATHS = NO;
				CLANG_ANALYZER_NONNULL = YES;
				CLANG_ANALYZER_NUMBER_OBJECT_CONVERSION = YES_AGGRESSIVE;
				CLANG_CXX_LANGUAGE_STANDARD = "gnu++14";
				CLANG_CXX_LIBRARY = "libc++";
				CLANG_ENABLE_MODULES = YES;
				CLANG_ENABLE_OBJC_ARC = YES;
				CLANG_ENABLE_OBJC_WEAK = YES;
				CLANG_WARN_BLOCK_CAPTURE_AUTORELEASING = YES;
				CLANG_WARN_BOOL_CONVERSION = YES;
				CLANG_WARN_COMMA = YES;
				CLANG_WARN_CONSTANT_CONVERSION = YES;
				CLANG_WARN_DEPRECATED_OBJC_IMPLEMENTATIONS = YES;
				CLANG_WARN_DIRECT_OBJC_ISA_USAGE = YES_ERROR;
				CLANG_WARN_DOCUMENTATION_COMMENTS = YES;
				CLANG_WARN_EMPTY_BODY = YES;
				CLANG_WARN_ENUM_CONVERSION = YES;
				CLANG_WARN_INFINITE_RECURSION = YES;
				CLANG_WARN_INT_CONVERSION = YES;
				CLANG_WARN_NON_LITERAL_NULL_CONVERSION = YES;
				CLANG_WARN_OBJC_IMPLICIT_RETAIN_SELF = YES;
				CLANG_WARN_OBJC_LITERAL_CONVERSION = YES;
				CLANG_WARN_OBJC_ROOT_CLASS = YES_ERROR;
				CLANG_WARN_RANGE_LOOP_ANALYSIS = YES;
				CLANG_WARN_STRICT_PROTOTYPES = YES;
				CLANG_WARN_SUSPICIOUS_MOVE = YES;
				CLANG_WARN_UNGUARDED_AVAILABILITY = YES_AGGRESSIVE;
				CLANG_WARN_UNREACHABLE_CODE = YES;
				CLANG_WARN__DUPLICATE_METHOD_MATCH = YES;
				CODE_SIGN_IDENTITY = "iPhone Developer";
				COPY_PHASE_STRIP = NO;
				DEBUG_INFORMATION_FORMAT = "dwarf-with-dsym";
				ENABLE_NS_ASSERTIONS = NO;
				ENABLE_STRICT_OBJC_MSGSEND = YES;
				GCC_C_LANGUAGE_STANDARD = gnu11;
				GCC_NO_COMMON_BLOCKS = YES;
				GCC_WARN_64_TO_32_BIT_CONVERSION = YES;
				GCC_WARN_ABOUT_RETURN_TYPE = YES_ERROR;
				GCC_WARN_UNDECLARED_SELECTOR = YES;
				GCC_WARN_UNINITIALIZED_AUTOS = YES_AGGRESSIVE;
				GCC_WARN_UNUSED_FUNCTION = YES;
				GCC_WARN_UNUSED_VARIABLE = YES;
				IPHONEOS_DEPLOYMENT_TARGET = 12.2;
				MTL_ENABLE_DEBUG_INFO = NO;
				MTL_FAST_MATH = YES;
				SDKROOT = iphoneos;
				SWIFT_COMPILATION_MODE = wholemodule;
				SWIFT_OPTIMIZATION_LEVEL = "-O";
				VALIDATE_PRODUCT = YES;
			};
			name = Release;
		};
		9E99AD5622CF791E00F987EC /* Debug */ = {
			isa = XCBuildConfiguration;
			baseConfigurationReference = 609DCFC18D0B2BEA41D31418 /* Pods-Jog Tracker.debug.xcconfig */;
			buildSettings = {
				ASSETCATALOG_COMPILER_APPICON_NAME = AppIcon;
				CODE_SIGN_STYLE = Automatic;
				DEVELOPMENT_TEAM = XCS44R5U3J;
				INFOPLIST_FILE = "Jog Tracker/Info.plist";
				LD_RUNPATH_SEARCH_PATHS = (
					"$(inherited)",
					"@executable_path/Frameworks",
				);
				PRODUCT_BUNDLE_IDENTIFIER = "com.dimabalony.Jog-Tracker";
				PRODUCT_NAME = "$(TARGET_NAME)";
				SWIFT_VERSION = 5.0;
				TARGETED_DEVICE_FAMILY = "1,2";
			};
			name = Debug;
		};
		9E99AD5722CF791E00F987EC /* Release */ = {
			isa = XCBuildConfiguration;
			baseConfigurationReference = 232EDA60A2F3E5782E942C7A /* Pods-Jog Tracker.release.xcconfig */;
			buildSettings = {
				ASSETCATALOG_COMPILER_APPICON_NAME = AppIcon;
				CODE_SIGN_STYLE = Automatic;
				DEVELOPMENT_TEAM = XCS44R5U3J;
				INFOPLIST_FILE = "Jog Tracker/Info.plist";
				LD_RUNPATH_SEARCH_PATHS = (
					"$(inherited)",
					"@executable_path/Frameworks",
				);
				PRODUCT_BUNDLE_IDENTIFIER = "com.dimabalony.Jog-Tracker";
				PRODUCT_NAME = "$(TARGET_NAME)";
				SWIFT_VERSION = 5.0;
				TARGETED_DEVICE_FAMILY = "1,2";
			};
			name = Release;
		};
/* End XCBuildConfiguration section */

/* Begin XCConfigurationList section */
		9E99AD3E22CF791A00F987EC /* Build configuration list for PBXProject "Jog Tracker" */ = {
			isa = XCConfigurationList;
			buildConfigurations = (
				9E99AD5322CF791E00F987EC /* Debug */,
				9E99AD5422CF791E00F987EC /* Release */,
			);
			defaultConfigurationIsVisible = 0;
			defaultConfigurationName = Release;
		};
		9E99AD5522CF791E00F987EC /* Build configuration list for PBXNativeTarget "Jog Tracker" */ = {
			isa = XCConfigurationList;
			buildConfigurations = (
				9E99AD5622CF791E00F987EC /* Debug */,
				9E99AD5722CF791E00F987EC /* Release */,
			);
			defaultConfigurationIsVisible = 0;
			defaultConfigurationName = Release;
		};
/* End XCConfigurationList section */
	};
	rootObject = 9E99AD3B22CF791A00F987EC /* Project object */;
}
